
Microsoft Visual Studio Solution File, Format Version 12.00
# Visual Studio Version 17
VisualStudioVersion = 17.3.32825.248
MinimumVisualStudioVersion = 10.0.40219.1
Project("{8BC9CEB8-8B4A-11D0-8D11-00A0C91BC942}") = "Assignment 1", "Assignment 1.vcxproj", "{79568730-0982-445B-A9AB-0D24EB2C3CAE}"
EndProject
Global
	GlobalSection(SolutionConfigurationPlatforms) = preSolution
		Debug|x64 = Debug|x64
		Debug|x86 = Debug|x86
		Release|x64 = Release|x64
		Release|x86 = Release|x86
	EndGlobalSection
	GlobalSection(ProjectConfigurationPlatforms) = postSolution
		{79568730-0982-445B-A9AB-0D24EB2C3CAE}.Debug|x64.ActiveCfg = Debug|x64
		{79568730-0982-445B-A9AB-0D24EB2C3CAE}.Debug|x64.Build.0 = Debug|x64
		{79568730-0982-445B-A9AB-0D24EB2C3CAE}.Debug|x86.ActiveCfg = Debug|Win32
		{79568730-0982-445B-A9AB-0D24EB2C3CAE}.Debug|x86.Build.0 = Debug|Win32
		{79568730-0982-445B-A9AB-0D24EB2C3CAE}.Release|x64.ActiveCfg = Release|x64
		{79568730-0982-445B-A9AB-0D24EB2C3CAE}.Release|x64.Build.0 = Release|x64
		{79568730-0982-445B-A9AB-0D24EB2C3CAE}.Release|x86.ActiveCfg = Release|Win32
		{79568730-0982-445B-A9AB-0D24EB2C3CAE}.Release|x86.Build.0 = Release|Win32
	EndGlobalSection
	GlobalSection(SolutionProperties) = preSolution
		HideSolutionNode = FALSE
	EndGlobalSection
	GlobalSection(ExtensibilityGlobals) = postSolution
		SolutionGuid = {4C0CA3C5-DAB6-424C-8B6F-B73F93B902C1}
	EndGlobalSection
EndGlobal
